
Microsoft Visual Studio Solution File, Format Version 12.00
# Visual Studio 14
VisualStudioVersion = 14.0.25420.1
MinimumVisualStudioVersion = 10.0.40219.1
Project("{FAE04EC0-301F-11D3-BF4B-00C04F79EFBC}") = "Dome", "Dome\Dome.csproj", "{64308775-BD4A-469C-BCAB-3ED830B811AF}"
	ProjectSection(ProjectDependencies) = postProject
		{C819D411-A817-4CEE-B597-A57F2CA5B5B0} = {C819D411-A817-4CEE-B597-A57F2CA5B5B0}
		{918D2F5B-9337-4378-8106-9F8468B34F54} = {918D2F5B-9337-4378-8106-9F8468B34F54}
		{EEF50BC4-BECC-430B-9A05-769C80D8D25C} = {EEF50BC4-BECC-430B-9A05-769C80D8D25C}
		{B3400CE2-9B66-4F0C-97FE-26343382BA7B} = {B3400CE2-9B66-4F0C-97FE-26343382BA7B}
		{B76546E7-9832-4D28-B412-B34CA1C6177C} = {B76546E7-9832-4D28-B412-B34CA1C6177C}
		{990E4DFA-414E-4C05-89C0-6F18A5C6FA94} = {990E4DFA-414E-4C05-89C0-6F18A5C6FA94}
	EndProjectSection
EndProject
Project("{FAE04EC0-301F-11D3-BF4B-00C04F79EFBC}") = "Hardware", "Hardware\Hardware.csproj", "{B3400CE2-9B66-4F0C-97FE-26343382BA7B}"
	ProjectSection(ProjectDependencies) = postProject
		{B76546E7-9832-4D28-B412-B34CA1C6177C} = {B76546E7-9832-4D28-B412-B34CA1C6177C}
	EndProjectSection
EndProject
Project("{FAE04EC0-301F-11D3-BF4B-00C04F79EFBC}") = "Telescope", "Telescope\Telescope.csproj", "{E27802FC-EFB5-4DEB-BD4D-013F44A0813C}"
	ProjectSection(ProjectDependencies) = postProject
		{C819D411-A817-4CEE-B597-A57F2CA5B5B0} = {C819D411-A817-4CEE-B597-A57F2CA5B5B0}
		{D49AE541-3D66-4EF4-8A07-69357070718B} = {D49AE541-3D66-4EF4-8A07-69357070718B}
		{918D2F5B-9337-4378-8106-9F8468B34F54} = {918D2F5B-9337-4378-8106-9F8468B34F54}
		{7FA766D4-8F97-4D9F-8F62-F25C84C01FF2} = {7FA766D4-8F97-4D9F-8F62-F25C84C01FF2}
		{B76546E7-9832-4D28-B412-B34CA1C6177C} = {B76546E7-9832-4D28-B412-B34CA1C6177C}
		{990E4DFA-414E-4C05-89C0-6F18A5C6FA94} = {990E4DFA-414E-4C05-89C0-6F18A5C6FA94}
	EndProjectSection
EndProject
Project("{FAE04EC0-301F-11D3-BF4B-00C04F79EFBC}") = "Common", "Common\Common.csproj", "{B76546E7-9832-4D28-B412-B34CA1C6177C}"
EndProject
Project("{FAE04EC0-301F-11D3-BF4B-00C04F79EFBC}") = "AngleTestProject", "AngleTestProject\AngleTestProject.csproj", "{21A702E9-2208-48B3-845F-3D6D6886EFCB}"
EndProject
Project("{FAE04EC0-301F-11D3-BF4B-00C04F79EFBC}") = "Boltwood - old", "ClarityII\Boltwood - old.csproj", "{918D2F5B-9337-4378-8106-9F8468B34F54}"
	ProjectSection(ProjectDependencies) = postProject
		{E26E5B94-4AE9-425D-A5C9-797CB33F24F5} = {E26E5B94-4AE9-425D-A5C9-797CB33F24F5}
	EndProjectSection
EndProject
Project("{FAE04EC0-301F-11D3-BF4B-00C04F79EFBC}") = "VantagePro - old", "DavisVantage\VantagePro - old.csproj", "{C819D411-A817-4CEE-B597-A57F2CA5B5B0}"
	ProjectSection(ProjectDependencies) = postProject
		{918D2F5B-9337-4378-8106-9F8468B34F54} = {918D2F5B-9337-4378-8106-9F8468B34F54}
		{E26E5B94-4AE9-425D-A5C9-797CB33F24F5} = {E26E5B94-4AE9-425D-A5C9-797CB33F24F5}
		{EEF50BC4-BECC-430B-9A05-769C80D8D25C} = {EEF50BC4-BECC-430B-9A05-769C80D8D25C}
		{B3400CE2-9B66-4F0C-97FE-26343382BA7B} = {B3400CE2-9B66-4F0C-97FE-26343382BA7B}
	EndProjectSection
EndProject
Project("{2150E333-8FDC-42A3-9474-1A3956D46DE8}") = "Deliveries", "Deliveries", "{C2D939BB-B935-4F3D-A78F-06C9BC99D4A2}"
	ProjectSection(SolutionItems) = preProject
		..\..\..\ASCOM\Logs 2016-08-28\ASCOM.Wise40.Telescope.Validation.txt = ..\..\..\ASCOM\Logs 2016-08-28\ASCOM.Wise40.Telescope.Validation.txt
		Deliveries\Wise40 Setup.exe = Deliveries\Wise40 Setup.exe
	EndProjectSection
EndProject
Project("{FAE04EC0-301F-11D3-BF4B-00C04F79EFBC}") = "Dashboard", "Dashboard\Dashboard.csproj", "{5E7FEA6C-8A53-4394-9E66-8C8843679FB5}"
EndProject
Project("{FAE04EC0-301F-11D3-BF4B-00C04F79EFBC}") = "SafeToOpen", "SafeToOpen\SafeToOpen.csproj", "{7FA766D4-8F97-4D9F-8F62-F25C84C01FF2}"
	ProjectSection(ProjectDependencies) = postProject
		{918D2F5B-9337-4378-8106-9F8468B34F54} = {918D2F5B-9337-4378-8106-9F8468B34F54}
		{E26E5B94-4AE9-425D-A5C9-797CB33F24F5} = {E26E5B94-4AE9-425D-A5C9-797CB33F24F5}
	EndProjectSection
EndProject
Project("{FAE04EC0-301F-11D3-BF4B-00C04F79EFBC}") = "SafeToImage", "SafeToImage\SafeToImage.csproj", "{990E4DFA-414E-4C05-89C0-6F18A5C6FA94}"
	ProjectSection(ProjectDependencies) = postProject
		{59CC2A31-DEC4-4EEE-B5C3-EFC8771438A7} = {59CC2A31-DEC4-4EEE-B5C3-EFC8771438A7}
		{E26E5B94-4AE9-425D-A5C9-797CB33F24F5} = {E26E5B94-4AE9-425D-A5C9-797CB33F24F5}
	EndProjectSection
EndProject
Project("{FAE04EC0-301F-11D3-BF4B-00C04F79EFBC}") = "Restore-ASCOM-Profiles", "Restore-ASCOM-Profiles\Restore-ASCOM-Profiles.csproj", "{E26E5B94-4AE9-425D-A5C9-797CB33F24F5}"
EndProject
Project("{FAE04EC0-301F-11D3-BF4B-00C04F79EFBC}") = "ComputerControl", "ComputerControl\ComputerControl.csproj", "{EEF50BC4-BECC-430B-9A05-769C80D8D25C}"
EndProject
Project("{FAE04EC0-301F-11D3-BF4B-00C04F79EFBC}") = "Focuser", "Focus\Focuser.csproj", "{D49AE541-3D66-4EF4-8A07-69357070718B}"
EndProject
Project("{FAE04EC0-301F-11D3-BF4B-00C04F79EFBC}") = "Dash", "Dash\Dash.csproj", "{9C7BA1AC-D9A1-4FBD-B29A-6456968B2555}"
	ProjectSection(ProjectDependencies) = postProject
		{C819D411-A817-4CEE-B597-A57F2CA5B5B0} = {C819D411-A817-4CEE-B597-A57F2CA5B5B0}
		{59CC2A31-DEC4-4EEE-B5C3-EFC8771438A7} = {59CC2A31-DEC4-4EEE-B5C3-EFC8771438A7}
		{D49AE541-3D66-4EF4-8A07-69357070718B} = {D49AE541-3D66-4EF4-8A07-69357070718B}
		{918D2F5B-9337-4378-8106-9F8468B34F54} = {918D2F5B-9337-4378-8106-9F8468B34F54}
		{64308775-BD4A-469C-BCAB-3ED830B811AF} = {64308775-BD4A-469C-BCAB-3ED830B811AF}
		{91DD8AAB-0E56-4412-B15F-9B3EC510E929} = {91DD8AAB-0E56-4412-B15F-9B3EC510E929}
		{EEF50BC4-BECC-430B-9A05-769C80D8D25C} = {EEF50BC4-BECC-430B-9A05-769C80D8D25C}
		{7FA766D4-8F97-4D9F-8F62-F25C84C01FF2} = {7FA766D4-8F97-4D9F-8F62-F25C84C01FF2}
		{B3400CE2-9B66-4F0C-97FE-26343382BA7B} = {B3400CE2-9B66-4F0C-97FE-26343382BA7B}
		{B76546E7-9832-4D28-B412-B34CA1C6177C} = {B76546E7-9832-4D28-B412-B34CA1C6177C}
		{990E4DFA-414E-4C05-89C0-6F18A5C6FA94} = {990E4DFA-414E-4C05-89C0-6F18A5C6FA94}
	EndProjectSection
EndProject
Project("{FAE04EC0-301F-11D3-BF4B-00C04F79EFBC}") = "Installer", "Installer\Installer.csproj", "{8687EAB8-3A68-40DF-8EA1-FF9EC40C2A9C}"
	ProjectSection(ProjectDependencies) = postProject
		{C819D411-A817-4CEE-B597-A57F2CA5B5B0} = {C819D411-A817-4CEE-B597-A57F2CA5B5B0}
		{59CC2A31-DEC4-4EEE-B5C3-EFC8771438A7} = {59CC2A31-DEC4-4EEE-B5C3-EFC8771438A7}
		{D49AE541-3D66-4EF4-8A07-69357070718B} = {D49AE541-3D66-4EF4-8A07-69357070718B}
		{918D2F5B-9337-4378-8106-9F8468B34F54} = {918D2F5B-9337-4378-8106-9F8468B34F54}
		{64308775-BD4A-469C-BCAB-3ED830B811AF} = {64308775-BD4A-469C-BCAB-3ED830B811AF}
		{E26E5B94-4AE9-425D-A5C9-797CB33F24F5} = {E26E5B94-4AE9-425D-A5C9-797CB33F24F5}
		{9C7BA1AC-D9A1-4FBD-B29A-6456968B2555} = {9C7BA1AC-D9A1-4FBD-B29A-6456968B2555}
		{D937DEB7-5DF8-491D-B21A-193ADABD0315} = {D937DEB7-5DF8-491D-B21A-193ADABD0315}
		{EEF50BC4-BECC-430B-9A05-769C80D8D25C} = {EEF50BC4-BECC-430B-9A05-769C80D8D25C}
		{7FA766D4-8F97-4D9F-8F62-F25C84C01FF2} = {7FA766D4-8F97-4D9F-8F62-F25C84C01FF2}
		{B3400CE2-9B66-4F0C-97FE-26343382BA7B} = {B3400CE2-9B66-4F0C-97FE-26343382BA7B}
		{B76546E7-9832-4D28-B412-B34CA1C6177C} = {B76546E7-9832-4D28-B412-B34CA1C6177C}
		{990E4DFA-414E-4C05-89C0-6F18A5C6FA94} = {990E4DFA-414E-4C05-89C0-6F18A5C6FA94}
		{E27802FC-EFB5-4DEB-BD4D-013F44A0813C} = {E27802FC-EFB5-4DEB-BD4D-013F44A0813C}
	EndProjectSection
EndProject
Project("{FAE04EC0-301F-11D3-BF4B-00C04F79EFBC}") = "FilterWheel", "FilterWheel\FilterWheel.csproj", "{371009F1-23D3-41EA-A431-DFD1C08D6CAA}"
	ProjectSection(ProjectDependencies) = postProject
		{B76546E7-9832-4D28-B412-B34CA1C6177C} = {B76546E7-9832-4D28-B412-B34CA1C6177C}
	EndProjectSection
EndProject
Project("{FAE04EC0-301F-11D3-BF4B-00C04F79EFBC}") = "FocuserApplication", "FocuserApplication\FocuserApplication.csproj", "{63ACA083-EDEE-42E5-88CB-5604E5783CA6}"
EndProject
Project("{8BC9CEB8-8B4A-11D0-8D11-00A0C91BC942}") = "FilterWheel_Arduino", "..\..\..\Arduino\FilterWheel_Arduino\FilterWheel_Arduino.vcxproj", "{C5F80730-F44F-4478-BDAE-6634EFC2CA88}"
EndProject
Project("{FAE04EC0-301F-11D3-BF4B-00C04F79EFBC}") = "PID", "PIDLibrary\PID.csproj", "{91DD8AAB-0E56-4412-B15F-9B3EC510E929}"
EndProject
Project("{FAE04EC0-301F-11D3-BF4B-00C04F79EFBC}") = "Boltwood", "Boltwood\Boltwood.csproj", "{D937DEB7-5DF8-491D-B21A-193ADABD0315}"
EndProject
Project("{FAE04EC0-301F-11D3-BF4B-00C04F79EFBC}") = "VantagePro", "VantagePro\VantagePro.csproj", "{59CC2A31-DEC4-4EEE-B5C3-EFC8771438A7}"
EndProject
Project("{FAE04EC0-301F-11D3-BF4B-00C04F79EFBC}") = "TestVantagePro-1", "TestVantagePro-1\TestVantagePro-1.csproj", "{D5207217-61C7-4E94-8097-91DBACE57D2A}"
EndProject
Global
	GlobalSection(SolutionConfigurationPlatforms) = preSolution
		Debug|Any CPU = Debug|Any CPU
		Debug|x64 = Debug|x64
		Debug|x86 = Debug|x86
		Release|Any CPU = Release|Any CPU
		Release|x64 = Release|x64
		Release|x86 = Release|x86
	EndGlobalSection
	GlobalSection(ProjectConfigurationPlatforms) = postSolution
		{64308775-BD4A-469C-BCAB-3ED830B811AF}.Debug|Any CPU.ActiveCfg = Debug|x86
		{64308775-BD4A-469C-BCAB-3ED830B811AF}.Debug|Any CPU.Build.0 = Debug|x86
		{64308775-BD4A-469C-BCAB-3ED830B811AF}.Debug|x64.ActiveCfg = Debug|x64
		{64308775-BD4A-469C-BCAB-3ED830B811AF}.Debug|x64.Build.0 = Debug|x64
		{64308775-BD4A-469C-BCAB-3ED830B811AF}.Debug|x86.ActiveCfg = Debug|x86
		{64308775-BD4A-469C-BCAB-3ED830B811AF}.Debug|x86.Build.0 = Debug|x86
		{64308775-BD4A-469C-BCAB-3ED830B811AF}.Debug|x86.Deploy.0 = Debug|x86
		{64308775-BD4A-469C-BCAB-3ED830B811AF}.Release|Any CPU.ActiveCfg = Release|Any CPU
		{64308775-BD4A-469C-BCAB-3ED830B811AF}.Release|Any CPU.Build.0 = Release|Any CPU
		{64308775-BD4A-469C-BCAB-3ED830B811AF}.Release|x64.ActiveCfg = Release|x64
		{64308775-BD4A-469C-BCAB-3ED830B811AF}.Release|x64.Build.0 = Release|x64
		{64308775-BD4A-469C-BCAB-3ED830B811AF}.Release|x86.ActiveCfg = Release|Any CPU
		{64308775-BD4A-469C-BCAB-3ED830B811AF}.Release|x86.Build.0 = Release|Any CPU
		{B3400CE2-9B66-4F0C-97FE-26343382BA7B}.Debug|Any CPU.ActiveCfg = Debug|x86
		{B3400CE2-9B66-4F0C-97FE-26343382BA7B}.Debug|Any CPU.Build.0 = Debug|x86
		{B3400CE2-9B66-4F0C-97FE-26343382BA7B}.Debug|x64.ActiveCfg = Debug|x64
		{B3400CE2-9B66-4F0C-97FE-26343382BA7B}.Debug|x64.Build.0 = Debug|x64
		{B3400CE2-9B66-4F0C-97FE-26343382BA7B}.Debug|x86.ActiveCfg = Debug|x86
		{B3400CE2-9B66-4F0C-97FE-26343382BA7B}.Debug|x86.Build.0 = Debug|x86
		{B3400CE2-9B66-4F0C-97FE-26343382BA7B}.Release|Any CPU.ActiveCfg = Release|Any CPU
		{B3400CE2-9B66-4F0C-97FE-26343382BA7B}.Release|Any CPU.Build.0 = Release|Any CPU
		{B3400CE2-9B66-4F0C-97FE-26343382BA7B}.Release|x64.ActiveCfg = Release|x64
		{B3400CE2-9B66-4F0C-97FE-26343382BA7B}.Release|x64.Build.0 = Release|x64
		{B3400CE2-9B66-4F0C-97FE-26343382BA7B}.Release|x86.ActiveCfg = Release|Any CPU
		{B3400CE2-9B66-4F0C-97FE-26343382BA7B}.Release|x86.Build.0 = Release|Any CPU
		{E27802FC-EFB5-4DEB-BD4D-013F44A0813C}.Debug|Any CPU.ActiveCfg = Debug|x86
		{E27802FC-EFB5-4DEB-BD4D-013F44A0813C}.Debug|Any CPU.Build.0 = Debug|x86
		{E27802FC-EFB5-4DEB-BD4D-013F44A0813C}.Debug|x64.ActiveCfg = Debug|x64
		{E27802FC-EFB5-4DEB-BD4D-013F44A0813C}.Debug|x64.Build.0 = Debug|x64
		{E27802FC-EFB5-4DEB-BD4D-013F44A0813C}.Debug|x86.ActiveCfg = Debug|x86
		{E27802FC-EFB5-4DEB-BD4D-013F44A0813C}.Debug|x86.Build.0 = Debug|x86
		{E27802FC-EFB5-4DEB-BD4D-013F44A0813C}.Release|Any CPU.ActiveCfg = Release|Any CPU
		{E27802FC-EFB5-4DEB-BD4D-013F44A0813C}.Release|Any CPU.Build.0 = Release|Any CPU
		{E27802FC-EFB5-4DEB-BD4D-013F44A0813C}.Release|x64.ActiveCfg = Release|x64
		{E27802FC-EFB5-4DEB-BD4D-013F44A0813C}.Release|x64.Build.0 = Release|x64
		{E27802FC-EFB5-4DEB-BD4D-013F44A0813C}.Release|x86.ActiveCfg = Release|Any CPU
		{E27802FC-EFB5-4DEB-BD4D-013F44A0813C}.Release|x86.Build.0 = Release|Any CPU
		{B76546E7-9832-4D28-B412-B34CA1C6177C}.Debug|Any CPU.ActiveCfg = Debug|x86
		{B76546E7-9832-4D28-B412-B34CA1C6177C}.Debug|Any CPU.Build.0 = Debug|x86
		{B76546E7-9832-4D28-B412-B34CA1C6177C}.Debug|x64.ActiveCfg = Debug|x64
		{B76546E7-9832-4D28-B412-B34CA1C6177C}.Debug|x64.Build.0 = Debug|x64
		{B76546E7-9832-4D28-B412-B34CA1C6177C}.Debug|x86.ActiveCfg = Debug|x86
		{B76546E7-9832-4D28-B412-B34CA1C6177C}.Debug|x86.Build.0 = Debug|x86
		{B76546E7-9832-4D28-B412-B34CA1C6177C}.Release|Any CPU.ActiveCfg = Release|Any CPU
		{B76546E7-9832-4D28-B412-B34CA1C6177C}.Release|Any CPU.Build.0 = Release|Any CPU
		{B76546E7-9832-4D28-B412-B34CA1C6177C}.Release|x64.ActiveCfg = Release|x64
		{B76546E7-9832-4D28-B412-B34CA1C6177C}.Release|x64.Build.0 = Release|x64
		{B76546E7-9832-4D28-B412-B34CA1C6177C}.Release|x86.ActiveCfg = Release|Any CPU
		{B76546E7-9832-4D28-B412-B34CA1C6177C}.Release|x86.Build.0 = Release|Any CPU
		{21A702E9-2208-48B3-845F-3D6D6886EFCB}.Debug|Any CPU.ActiveCfg = Debug|Any CPU
		{21A702E9-2208-48B3-845F-3D6D6886EFCB}.Debug|Any CPU.Build.0 = Debug|Any CPU
		{21A702E9-2208-48B3-845F-3D6D6886EFCB}.Debug|x64.ActiveCfg = Debug|Any CPU
		{21A702E9-2208-48B3-845F-3D6D6886EFCB}.Debug|x86.ActiveCfg = Debug|Any CPU
		{21A702E9-2208-48B3-845F-3D6D6886EFCB}.Debug|x86.Build.0 = Debug|Any CPU
		{21A702E9-2208-48B3-845F-3D6D6886EFCB}.Release|Any CPU.ActiveCfg = Release|Any CPU
		{21A702E9-2208-48B3-845F-3D6D6886EFCB}.Release|Any CPU.Build.0 = Release|Any CPU
		{21A702E9-2208-48B3-845F-3D6D6886EFCB}.Release|x64.ActiveCfg = Release|Any CPU
		{21A702E9-2208-48B3-845F-3D6D6886EFCB}.Release|x86.ActiveCfg = Release|Any CPU
		{21A702E9-2208-48B3-845F-3D6D6886EFCB}.Release|x86.Build.0 = Release|Any CPU
		{918D2F5B-9337-4378-8106-9F8468B34F54}.Debug|Any CPU.ActiveCfg = Debug|Any CPU
		{918D2F5B-9337-4378-8106-9F8468B34F54}.Debug|Any CPU.Build.0 = Debug|Any CPU
		{918D2F5B-9337-4378-8106-9F8468B34F54}.Debug|x64.ActiveCfg = Debug|Any CPU
		{918D2F5B-9337-4378-8106-9F8468B34F54}.Debug|x86.ActiveCfg = Debug|Any CPU
		{918D2F5B-9337-4378-8106-9F8468B34F54}.Debug|x86.Build.0 = Debug|Any CPU
		{918D2F5B-9337-4378-8106-9F8468B34F54}.Release|Any CPU.ActiveCfg = Release|Any CPU
		{918D2F5B-9337-4378-8106-9F8468B34F54}.Release|Any CPU.Build.0 = Release|Any CPU
		{918D2F5B-9337-4378-8106-9F8468B34F54}.Release|x64.ActiveCfg = Release|Any CPU
		{918D2F5B-9337-4378-8106-9F8468B34F54}.Release|x86.ActiveCfg = Release|Any CPU
		{918D2F5B-9337-4378-8106-9F8468B34F54}.Release|x86.Build.0 = Release|Any CPU
		{C819D411-A817-4CEE-B597-A57F2CA5B5B0}.Debug|Any CPU.ActiveCfg = Debug|Any CPU
		{C819D411-A817-4CEE-B597-A57F2CA5B5B0}.Debug|Any CPU.Build.0 = Debug|Any CPU
		{C819D411-A817-4CEE-B597-A57F2CA5B5B0}.Debug|x64.ActiveCfg = Debug|Any CPU
		{C819D411-A817-4CEE-B597-A57F2CA5B5B0}.Debug|x86.ActiveCfg = Debug|Any CPU
		{C819D411-A817-4CEE-B597-A57F2CA5B5B0}.Debug|x86.Build.0 = Debug|Any CPU
		{C819D411-A817-4CEE-B597-A57F2CA5B5B0}.Release|Any CPU.ActiveCfg = Release|Any CPU
		{C819D411-A817-4CEE-B597-A57F2CA5B5B0}.Release|Any CPU.Build.0 = Release|Any CPU
		{C819D411-A817-4CEE-B597-A57F2CA5B5B0}.Release|x64.ActiveCfg = Release|Any CPU
		{C819D411-A817-4CEE-B597-A57F2CA5B5B0}.Release|x86.ActiveCfg = Release|Any CPU
		{C819D411-A817-4CEE-B597-A57F2CA5B5B0}.Release|x86.Build.0 = Release|Any CPU
		{5E7FEA6C-8A53-4394-9E66-8C8843679FB5}.Debug|Any CPU.ActiveCfg = Debug|Any CPU
		{5E7FEA6C-8A53-4394-9E66-8C8843679FB5}.Debug|Any CPU.Build.0 = Debug|Any CPU
		{5E7FEA6C-8A53-4394-9E66-8C8843679FB5}.Debug|x64.ActiveCfg = Debug|Any CPU
		{5E7FEA6C-8A53-4394-9E66-8C8843679FB5}.Debug|x86.ActiveCfg = Debug|Any CPU
		{5E7FEA6C-8A53-4394-9E66-8C8843679FB5}.Debug|x86.Build.0 = Debug|Any CPU
		{5E7FEA6C-8A53-4394-9E66-8C8843679FB5}.Release|Any CPU.ActiveCfg = Release|Any CPU
		{5E7FEA6C-8A53-4394-9E66-8C8843679FB5}.Release|Any CPU.Build.0 = Release|Any CPU
		{5E7FEA6C-8A53-4394-9E66-8C8843679FB5}.Release|x64.ActiveCfg = Release|Any CPU
		{5E7FEA6C-8A53-4394-9E66-8C8843679FB5}.Release|x86.ActiveCfg = Release|Any CPU
		{5E7FEA6C-8A53-4394-9E66-8C8843679FB5}.Release|x86.Build.0 = Release|Any CPU
		{7FA766D4-8F97-4D9F-8F62-F25C84C01FF2}.Debug|Any CPU.ActiveCfg = Debug|x86
		{7FA766D4-8F97-4D9F-8F62-F25C84C01FF2}.Debug|Any CPU.Build.0 = Debug|x86
		{7FA766D4-8F97-4D9F-8F62-F25C84C01FF2}.Debug|x64.ActiveCfg = Debug|x64
		{7FA766D4-8F97-4D9F-8F62-F25C84C01FF2}.Debug|x64.Build.0 = Debug|x64
		{7FA766D4-8F97-4D9F-8F62-F25C84C01FF2}.Debug|x86.ActiveCfg = Debug|x86
		{7FA766D4-8F97-4D9F-8F62-F25C84C01FF2}.Debug|x86.Build.0 = Debug|x86
		{7FA766D4-8F97-4D9F-8F62-F25C84C01FF2}.Release|Any CPU.ActiveCfg = Release|Any CPU
		{7FA766D4-8F97-4D9F-8F62-F25C84C01FF2}.Release|Any CPU.Build.0 = Release|Any CPU
		{7FA766D4-8F97-4D9F-8F62-F25C84C01FF2}.Release|x64.ActiveCfg = Release|x64
		{7FA766D4-8F97-4D9F-8F62-F25C84C01FF2}.Release|x64.Build.0 = Release|x64
		{7FA766D4-8F97-4D9F-8F62-F25C84C01FF2}.Release|x86.ActiveCfg = Release|Any CPU
		{7FA766D4-8F97-4D9F-8F62-F25C84C01FF2}.Release|x86.Build.0 = Release|Any CPU
		{990E4DFA-414E-4C05-89C0-6F18A5C6FA94}.Debug|Any CPU.ActiveCfg = Debug|Any CPU
		{990E4DFA-414E-4C05-89C0-6F18A5C6FA94}.Debug|Any CPU.Build.0 = Debug|Any CPU
		{990E4DFA-414E-4C05-89C0-6F18A5C6FA94}.Debug|x64.ActiveCfg = Debug|x64
		{990E4DFA-414E-4C05-89C0-6F18A5C6FA94}.Debug|x64.Build.0 = Debug|x64
		{990E4DFA-414E-4C05-89C0-6F18A5C6FA94}.Debug|x86.ActiveCfg = Debug|Any CPU
		{990E4DFA-414E-4C05-89C0-6F18A5C6FA94}.Debug|x86.Build.0 = Debug|Any CPU
		{990E4DFA-414E-4C05-89C0-6F18A5C6FA94}.Release|Any CPU.ActiveCfg = Release|Any CPU
		{990E4DFA-414E-4C05-89C0-6F18A5C6FA94}.Release|Any CPU.Build.0 = Release|Any CPU
		{990E4DFA-414E-4C05-89C0-6F18A5C6FA94}.Release|x64.ActiveCfg = Release|x64
		{990E4DFA-414E-4C05-89C0-6F18A5C6FA94}.Release|x64.Build.0 = Release|x64
		{990E4DFA-414E-4C05-89C0-6F18A5C6FA94}.Release|x86.ActiveCfg = Release|Any CPU
		{990E4DFA-414E-4C05-89C0-6F18A5C6FA94}.Release|x86.Build.0 = Release|Any CPU
		{E26E5B94-4AE9-425D-A5C9-797CB33F24F5}.Debug|Any CPU.ActiveCfg = Debug|x86
		{E26E5B94-4AE9-425D-A5C9-797CB33F24F5}.Debug|Any CPU.Build.0 = Debug|x86
		{E26E5B94-4AE9-425D-A5C9-797CB33F24F5}.Debug|x64.ActiveCfg = Debug|x64
		{E26E5B94-4AE9-425D-A5C9-797CB33F24F5}.Debug|x64.Build.0 = Debug|x64
		{E26E5B94-4AE9-425D-A5C9-797CB33F24F5}.Debug|x86.ActiveCfg = Debug|x86
		{E26E5B94-4AE9-425D-A5C9-797CB33F24F5}.Debug|x86.Build.0 = Debug|x86
		{E26E5B94-4AE9-425D-A5C9-797CB33F24F5}.Release|Any CPU.ActiveCfg = Release|Any CPU
		{E26E5B94-4AE9-425D-A5C9-797CB33F24F5}.Release|Any CPU.Build.0 = Release|Any CPU
		{E26E5B94-4AE9-425D-A5C9-797CB33F24F5}.Release|x64.ActiveCfg = Release|x64
		{E26E5B94-4AE9-425D-A5C9-797CB33F24F5}.Release|x64.Build.0 = Release|x64
		{E26E5B94-4AE9-425D-A5C9-797CB33F24F5}.Release|x86.ActiveCfg = Release|Any CPU
		{E26E5B94-4AE9-425D-A5C9-797CB33F24F5}.Release|x86.Build.0 = Release|Any CPU
		{EEF50BC4-BECC-430B-9A05-769C80D8D25C}.Debug|Any CPU.ActiveCfg = Debug|x86
		{EEF50BC4-BECC-430B-9A05-769C80D8D25C}.Debug|Any CPU.Build.0 = Debug|x86
		{EEF50BC4-BECC-430B-9A05-769C80D8D25C}.Debug|x64.ActiveCfg = Debug|x64
		{EEF50BC4-BECC-430B-9A05-769C80D8D25C}.Debug|x64.Build.0 = Debug|x64
		{EEF50BC4-BECC-430B-9A05-769C80D8D25C}.Debug|x86.ActiveCfg = Debug|x86
		{EEF50BC4-BECC-430B-9A05-769C80D8D25C}.Debug|x86.Build.0 = Debug|x86
		{EEF50BC4-BECC-430B-9A05-769C80D8D25C}.Release|Any CPU.ActiveCfg = Release|Any CPU
		{EEF50BC4-BECC-430B-9A05-769C80D8D25C}.Release|Any CPU.Build.0 = Release|Any CPU
		{EEF50BC4-BECC-430B-9A05-769C80D8D25C}.Release|x64.ActiveCfg = Release|x64
		{EEF50BC4-BECC-430B-9A05-769C80D8D25C}.Release|x64.Build.0 = Release|x64
		{EEF50BC4-BECC-430B-9A05-769C80D8D25C}.Release|x86.ActiveCfg = Release|Any CPU
		{EEF50BC4-BECC-430B-9A05-769C80D8D25C}.Release|x86.Build.0 = Release|Any CPU
		{D49AE541-3D66-4EF4-8A07-69357070718B}.Debug|Any CPU.ActiveCfg = Debug|x86
		{D49AE541-3D66-4EF4-8A07-69357070718B}.Debug|Any CPU.Build.0 = Debug|x86
		{D49AE541-3D66-4EF4-8A07-69357070718B}.Debug|x64.ActiveCfg = Debug|x64
		{D49AE541-3D66-4EF4-8A07-69357070718B}.Debug|x64.Build.0 = Debug|x64
		{D49AE541-3D66-4EF4-8A07-69357070718B}.Debug|x86.ActiveCfg = Debug|x86
		{D49AE541-3D66-4EF4-8A07-69357070718B}.Debug|x86.Build.0 = Debug|x86
		{D49AE541-3D66-4EF4-8A07-69357070718B}.Release|Any CPU.ActiveCfg = Release|Any CPU
		{D49AE541-3D66-4EF4-8A07-69357070718B}.Release|Any CPU.Build.0 = Release|Any CPU
		{D49AE541-3D66-4EF4-8A07-69357070718B}.Release|x64.ActiveCfg = Release|x64
		{D49AE541-3D66-4EF4-8A07-69357070718B}.Release|x64.Build.0 = Release|x64
		{D49AE541-3D66-4EF4-8A07-69357070718B}.Release|x86.ActiveCfg = Release|Any CPU
		{D49AE541-3D66-4EF4-8A07-69357070718B}.Release|x86.Build.0 = Release|Any CPU
		{9C7BA1AC-D9A1-4FBD-B29A-6456968B2555}.Debug|Any CPU.ActiveCfg = Debug|x86
		{9C7BA1AC-D9A1-4FBD-B29A-6456968B2555}.Debug|Any CPU.Build.0 = Debug|x86
		{9C7BA1AC-D9A1-4FBD-B29A-6456968B2555}.Debug|x64.ActiveCfg = Debug|x64
		{9C7BA1AC-D9A1-4FBD-B29A-6456968B2555}.Debug|x64.Build.0 = Debug|x64
		{9C7BA1AC-D9A1-4FBD-B29A-6456968B2555}.Debug|x86.ActiveCfg = Debug|x86
		{9C7BA1AC-D9A1-4FBD-B29A-6456968B2555}.Debug|x86.Build.0 = Debug|x86
		{9C7BA1AC-D9A1-4FBD-B29A-6456968B2555}.Release|Any CPU.ActiveCfg = Release|Any CPU
		{9C7BA1AC-D9A1-4FBD-B29A-6456968B2555}.Release|Any CPU.Build.0 = Release|Any CPU
		{9C7BA1AC-D9A1-4FBD-B29A-6456968B2555}.Release|x64.ActiveCfg = Release|x64
		{9C7BA1AC-D9A1-4FBD-B29A-6456968B2555}.Release|x64.Build.0 = Release|x64
		{9C7BA1AC-D9A1-4FBD-B29A-6456968B2555}.Release|x86.ActiveCfg = Release|Any CPU
		{9C7BA1AC-D9A1-4FBD-B29A-6456968B2555}.Release|x86.Build.0 = Release|Any CPU
		{8687EAB8-3A68-40DF-8EA1-FF9EC40C2A9C}.Debug|Any CPU.ActiveCfg = Debug|x86
		{8687EAB8-3A68-40DF-8EA1-FF9EC40C2A9C}.Debug|Any CPU.Build.0 = Debug|x86
		{8687EAB8-3A68-40DF-8EA1-FF9EC40C2A9C}.Debug|x64.ActiveCfg = Debug|x64
		{8687EAB8-3A68-40DF-8EA1-FF9EC40C2A9C}.Debug|x64.Build.0 = Debug|x64
		{8687EAB8-3A68-40DF-8EA1-FF9EC40C2A9C}.Debug|x86.ActiveCfg = Debug|x86
		{8687EAB8-3A68-40DF-8EA1-FF9EC40C2A9C}.Debug|x86.Build.0 = Debug|x86
		{8687EAB8-3A68-40DF-8EA1-FF9EC40C2A9C}.Release|Any CPU.ActiveCfg = Release|Any CPU
		{8687EAB8-3A68-40DF-8EA1-FF9EC40C2A9C}.Release|Any CPU.Build.0 = Release|Any CPU
		{8687EAB8-3A68-40DF-8EA1-FF9EC40C2A9C}.Release|x64.ActiveCfg = Release|x64
		{8687EAB8-3A68-40DF-8EA1-FF9EC40C2A9C}.Release|x64.Build.0 = Release|x64
		{8687EAB8-3A68-40DF-8EA1-FF9EC40C2A9C}.Release|x86.ActiveCfg = Release|Any CPU
		{8687EAB8-3A68-40DF-8EA1-FF9EC40C2A9C}.Release|x86.Build.0 = Release|Any CPU
		{371009F1-23D3-41EA-A431-DFD1C08D6CAA}.Debug|Any CPU.ActiveCfg = Debug|x86
		{371009F1-23D3-41EA-A431-DFD1C08D6CAA}.Debug|Any CPU.Build.0 = Debug|x86
		{371009F1-23D3-41EA-A431-DFD1C08D6CAA}.Debug|x64.ActiveCfg = Debug|x64
		{371009F1-23D3-41EA-A431-DFD1C08D6CAA}.Debug|x64.Build.0 = Debug|x64
		{371009F1-23D3-41EA-A431-DFD1C08D6CAA}.Debug|x86.ActiveCfg = Debug|x86
		{371009F1-23D3-41EA-A431-DFD1C08D6CAA}.Debug|x86.Build.0 = Debug|x86
		{371009F1-23D3-41EA-A431-DFD1C08D6CAA}.Release|Any CPU.ActiveCfg = Release|Any CPU
		{371009F1-23D3-41EA-A431-DFD1C08D6CAA}.Release|Any CPU.Build.0 = Release|Any CPU
		{371009F1-23D3-41EA-A431-DFD1C08D6CAA}.Release|x64.ActiveCfg = Release|x64
		{371009F1-23D3-41EA-A431-DFD1C08D6CAA}.Release|x64.Build.0 = Release|x64
		{371009F1-23D3-41EA-A431-DFD1C08D6CAA}.Release|x86.ActiveCfg = Release|Any CPU
		{371009F1-23D3-41EA-A431-DFD1C08D6CAA}.Release|x86.Build.0 = Release|Any CPU
		{63ACA083-EDEE-42E5-88CB-5604E5783CA6}.Debug|Any CPU.ActiveCfg = Debug|x86
		{63ACA083-EDEE-42E5-88CB-5604E5783CA6}.Debug|Any CPU.Build.0 = Debug|x86
		{63ACA083-EDEE-42E5-88CB-5604E5783CA6}.Debug|x64.ActiveCfg = Debug|x64
		{63ACA083-EDEE-42E5-88CB-5604E5783CA6}.Debug|x64.Build.0 = Debug|x64
		{63ACA083-EDEE-42E5-88CB-5604E5783CA6}.Debug|x86.ActiveCfg = Debug|x86
		{63ACA083-EDEE-42E5-88CB-5604E5783CA6}.Debug|x86.Build.0 = Debug|x86
		{63ACA083-EDEE-42E5-88CB-5604E5783CA6}.Release|Any CPU.ActiveCfg = Release|Any CPU
		{63ACA083-EDEE-42E5-88CB-5604E5783CA6}.Release|Any CPU.Build.0 = Release|Any CPU
		{63ACA083-EDEE-42E5-88CB-5604E5783CA6}.Release|x64.ActiveCfg = Release|x64
		{63ACA083-EDEE-42E5-88CB-5604E5783CA6}.Release|x64.Build.0 = Release|x64
		{63ACA083-EDEE-42E5-88CB-5604E5783CA6}.Release|x86.ActiveCfg = Release|Any CPU
		{63ACA083-EDEE-42E5-88CB-5604E5783CA6}.Release|x86.Build.0 = Release|Any CPU
		{C5F80730-F44F-4478-BDAE-6634EFC2CA88}.Debug|Any CPU.ActiveCfg = Debug|Win32
		{C5F80730-F44F-4478-BDAE-6634EFC2CA88}.Debug|x64.ActiveCfg = Debug|Win32
		{C5F80730-F44F-4478-BDAE-6634EFC2CA88}.Debug|x86.ActiveCfg = Debug|Win32
		{C5F80730-F44F-4478-BDAE-6634EFC2CA88}.Debug|x86.Build.0 = Debug|Win32
		{C5F80730-F44F-4478-BDAE-6634EFC2CA88}.Release|Any CPU.ActiveCfg = Release|Win32
		{C5F80730-F44F-4478-BDAE-6634EFC2CA88}.Release|x64.ActiveCfg = Release|Win32
		{C5F80730-F44F-4478-BDAE-6634EFC2CA88}.Release|x86.ActiveCfg = Release|Win32
		{C5F80730-F44F-4478-BDAE-6634EFC2CA88}.Release|x86.Build.0 = Release|Win32
		{91DD8AAB-0E56-4412-B15F-9B3EC510E929}.Debug|Any CPU.ActiveCfg = Debug|x86
		{91DD8AAB-0E56-4412-B15F-9B3EC510E929}.Debug|Any CPU.Build.0 = Debug|x86
		{91DD8AAB-0E56-4412-B15F-9B3EC510E929}.Debug|x64.ActiveCfg = Debug|x64
		{91DD8AAB-0E56-4412-B15F-9B3EC510E929}.Debug|x64.Build.0 = Debug|x64
		{91DD8AAB-0E56-4412-B15F-9B3EC510E929}.Debug|x86.ActiveCfg = Debug|x86
		{91DD8AAB-0E56-4412-B15F-9B3EC510E929}.Debug|x86.Build.0 = Debug|x86
		{91DD8AAB-0E56-4412-B15F-9B3EC510E929}.Release|Any CPU.ActiveCfg = Release|Any CPU
		{91DD8AAB-0E56-4412-B15F-9B3EC510E929}.Release|Any CPU.Build.0 = Release|Any CPU
		{91DD8AAB-0E56-4412-B15F-9B3EC510E929}.Release|x64.ActiveCfg = Release|x64
		{91DD8AAB-0E56-4412-B15F-9B3EC510E929}.Release|x64.Build.0 = Release|x64
		{91DD8AAB-0E56-4412-B15F-9B3EC510E929}.Release|x86.ActiveCfg = Release|Any CPU
		{91DD8AAB-0E56-4412-B15F-9B3EC510E929}.Release|x86.Build.0 = Release|Any CPU
		{D937DEB7-5DF8-491D-B21A-193ADABD0315}.Debug|Any CPU.ActiveCfg = Debug|x86
		{D937DEB7-5DF8-491D-B21A-193ADABD0315}.Debug|Any CPU.Build.0 = Debug|x86
		{D937DEB7-5DF8-491D-B21A-193ADABD0315}.Debug|x64.ActiveCfg = Debug|x64
		{D937DEB7-5DF8-491D-B21A-193ADABD0315}.Debug|x64.Build.0 = Debug|x64
		{D937DEB7-5DF8-491D-B21A-193ADABD0315}.Debug|x86.ActiveCfg = Debug|x86
		{D937DEB7-5DF8-491D-B21A-193ADABD0315}.Debug|x86.Build.0 = Debug|x86
		{D937DEB7-5DF8-491D-B21A-193ADABD0315}.Release|Any CPU.ActiveCfg = Release|Any CPU
		{D937DEB7-5DF8-491D-B21A-193ADABD0315}.Release|Any CPU.Build.0 = Release|Any CPU
		{D937DEB7-5DF8-491D-B21A-193ADABD0315}.Release|x64.ActiveCfg = Release|x64
		{D937DEB7-5DF8-491D-B21A-193ADABD0315}.Release|x64.Build.0 = Release|x64
		{D937DEB7-5DF8-491D-B21A-193ADABD0315}.Release|x86.ActiveCfg = Release|Any CPU
		{D937DEB7-5DF8-491D-B21A-193ADABD0315}.Release|x86.Build.0 = Release|Any CPU
		{59CC2A31-DEC4-4EEE-B5C3-EFC8771438A7}.Debug|Any CPU.ActiveCfg = Debug|x86
		{59CC2A31-DEC4-4EEE-B5C3-EFC8771438A7}.Debug|Any CPU.Build.0 = Debug|x86
		{59CC2A31-DEC4-4EEE-B5C3-EFC8771438A7}.Debug|x64.ActiveCfg = Debug|x64
		{59CC2A31-DEC4-4EEE-B5C3-EFC8771438A7}.Debug|x64.Build.0 = Debug|x64
		{59CC2A31-DEC4-4EEE-B5C3-EFC8771438A7}.Debug|x86.ActiveCfg = Debug|x86
		{59CC2A31-DEC4-4EEE-B5C3-EFC8771438A7}.Debug|x86.Build.0 = Debug|x86
		{59CC2A31-DEC4-4EEE-B5C3-EFC8771438A7}.Release|Any CPU.ActiveCfg = Release|Any CPU
		{59CC2A31-DEC4-4EEE-B5C3-EFC8771438A7}.Release|Any CPU.Build.0 = Release|Any CPU
		{59CC2A31-DEC4-4EEE-B5C3-EFC8771438A7}.Release|x64.ActiveCfg = Release|x64
		{59CC2A31-DEC4-4EEE-B5C3-EFC8771438A7}.Release|x64.Build.0 = Release|x64
		{59CC2A31-DEC4-4EEE-B5C3-EFC8771438A7}.Release|x86.ActiveCfg = Release|Any CPU
		{59CC2A31-DEC4-4EEE-B5C3-EFC8771438A7}.Release|x86.Build.0 = Release|Any CPU
		{D5207217-61C7-4E94-8097-91DBACE57D2A}.Debug|Any CPU.ActiveCfg = Debug|x86
		{D5207217-61C7-4E94-8097-91DBACE57D2A}.Debug|x64.ActiveCfg = Debug|x64
		{D5207217-61C7-4E94-8097-91DBACE57D2A}.Debug|x86.ActiveCfg = Debug|x86
		{D5207217-61C7-4E94-8097-91DBACE57D2A}.Debug|x86.Build.0 = Debug|x86
		{D5207217-61C7-4E94-8097-91DBACE57D2A}.Release|Any CPU.ActiveCfg = Release|x86
		{D5207217-61C7-4E94-8097-91DBACE57D2A}.Release|x64.ActiveCfg = Release|x64
		{D5207217-61C7-4E94-8097-91DBACE57D2A}.Release|x64.Build.0 = Release|x64
		{D5207217-61C7-4E94-8097-91DBACE57D2A}.Release|x86.ActiveCfg = Release|x86
		{D5207217-61C7-4E94-8097-91DBACE57D2A}.Release|x86.Build.0 = Release|x86
	EndGlobalSection
	GlobalSection(SolutionProperties) = preSolution
		HideSolutionNode = FALSE
	EndGlobalSection
EndGlobal
