
Microsoft Visual Studio Solution File, Format Version 12.00
# Visual Studio 14
VisualStudioVersion = 14.0.25420.1
MinimumVisualStudioVersion = 10.0.40219.1
Project("{FAE04EC0-301F-11D3-BF4B-00C04F79EFBC}") = "Dome", "Dome\Dome.csproj", "{64308775-BD4A-469C-BCAB-3ED830B811AF}"
	ProjectSection(ProjectDependencies) = postProject
		{D1D59C23-DA23-4DCC-A2CE-E503CAEB7D51} = {D1D59C23-DA23-4DCC-A2CE-E503CAEB7D51}
		{B3400CE2-9B66-4F0C-97FE-26343382BA7B} = {B3400CE2-9B66-4F0C-97FE-26343382BA7B}
		{B76546E7-9832-4D28-B412-B34CA1C6177C} = {B76546E7-9832-4D28-B412-B34CA1C6177C}
	EndProjectSection
EndProject
Project("{FAE04EC0-301F-11D3-BF4B-00C04F79EFBC}") = "Hardware", "Hardware\Hardware.csproj", "{B3400CE2-9B66-4F0C-97FE-26343382BA7B}"
	ProjectSection(ProjectDependencies) = postProject
		{B76546E7-9832-4D28-B412-B34CA1C6177C} = {B76546E7-9832-4D28-B412-B34CA1C6177C}
	EndProjectSection
EndProject
Project("{FAE04EC0-301F-11D3-BF4B-00C04F79EFBC}") = "Telescope", "Telescope\Telescope.csproj", "{E27802FC-EFB5-4DEB-BD4D-013F44A0813C}"
	ProjectSection(ProjectDependencies) = postProject
		{C819D411-A817-4CEE-B597-A57F2CA5B5B0} = {C819D411-A817-4CEE-B597-A57F2CA5B5B0}
		{D1D59C23-DA23-4DCC-A2CE-E503CAEB7D51} = {D1D59C23-DA23-4DCC-A2CE-E503CAEB7D51}
		{918D2F5B-9337-4378-8106-9F8468B34F54} = {918D2F5B-9337-4378-8106-9F8468B34F54}
		{B76546E7-9832-4D28-B412-B34CA1C6177C} = {B76546E7-9832-4D28-B412-B34CA1C6177C}
	EndProjectSection
EndProject
Project("{FAE04EC0-301F-11D3-BF4B-00C04F79EFBC}") = "Common", "Common\Common.csproj", "{B76546E7-9832-4D28-B412-B34CA1C6177C}"
EndProject
Project("{FAE04EC0-301F-11D3-BF4B-00C04F79EFBC}") = "AngleTestProject", "AngleTestProject\AngleTestProject.csproj", "{21A702E9-2208-48B3-845F-3D6D6886EFCB}"
EndProject
Project("{FAE04EC0-301F-11D3-BF4B-00C04F79EFBC}") = "CloudSensor", "ClarityII\CloudSensor.csproj", "{918D2F5B-9337-4378-8106-9F8468B34F54}"
EndProject
Project("{FAE04EC0-301F-11D3-BF4B-00C04F79EFBC}") = "VantagePro", "DavisVantage\VantagePro.csproj", "{C819D411-A817-4CEE-B597-A57F2CA5B5B0}"
EndProject
Project("{2150E333-8FDC-42A3-9474-1A3956D46DE8}") = "Deliveries", "Deliveries", "{C2D939BB-B935-4F3D-A78F-06C9BC99D4A2}"
EndProject
Project("{FAE04EC0-301F-11D3-BF4B-00C04F79EFBC}") = "Dashboard", "Dashboard\Dashboard.csproj", "{5E7FEA6C-8A53-4394-9E66-8C8843679FB5}"
EndProject
Project("{FAE04EC0-301F-11D3-BF4B-00C04F79EFBC}") = "SafetySwitch", "SafetySwitch\SafetySwitch.csproj", "{D1D59C23-DA23-4DCC-A2CE-E503CAEB7D51}"
	ProjectSection(ProjectDependencies) = postProject
		{B3400CE2-9B66-4F0C-97FE-26343382BA7B} = {B3400CE2-9B66-4F0C-97FE-26343382BA7B}
		{B76546E7-9832-4D28-B412-B34CA1C6177C} = {B76546E7-9832-4D28-B412-B34CA1C6177C}
	EndProjectSection
EndProject
Project("{FAE04EC0-301F-11D3-BF4B-00C04F79EFBC}") = "SafeToOpen", "SafeToOpen\SafeToOpen.csproj", "{7FA766D4-8F97-4D9F-8F62-F25C84C01FF2}"
EndProject
Project("{FAE04EC0-301F-11D3-BF4B-00C04F79EFBC}") = "SafeToImage", "SafeToImage\SafeToImage.csproj", "{990E4DFA-414E-4C05-89C0-6F18A5C6FA94}"
EndProject
Global
	GlobalSection(SolutionConfigurationPlatforms) = preSolution
		Debug|Any CPU = Debug|Any CPU
		Debug|x86 = Debug|x86
		Release|Any CPU = Release|Any CPU
		Release|x86 = Release|x86
	EndGlobalSection
	GlobalSection(ProjectConfigurationPlatforms) = postSolution
		{64308775-BD4A-469C-BCAB-3ED830B811AF}.Debug|Any CPU.ActiveCfg = Debug|Any CPU
		{64308775-BD4A-469C-BCAB-3ED830B811AF}.Debug|Any CPU.Build.0 = Debug|Any CPU
		{64308775-BD4A-469C-BCAB-3ED830B811AF}.Debug|x86.ActiveCfg = Debug|Any CPU
		{64308775-BD4A-469C-BCAB-3ED830B811AF}.Debug|x86.Build.0 = Debug|Any CPU
		{64308775-BD4A-469C-BCAB-3ED830B811AF}.Debug|x86.Deploy.0 = Debug|Any CPU
		{64308775-BD4A-469C-BCAB-3ED830B811AF}.Release|Any CPU.ActiveCfg = Release|Any CPU
		{64308775-BD4A-469C-BCAB-3ED830B811AF}.Release|Any CPU.Build.0 = Release|Any CPU
		{64308775-BD4A-469C-BCAB-3ED830B811AF}.Release|x86.ActiveCfg = Release|Any CPU
		{64308775-BD4A-469C-BCAB-3ED830B811AF}.Release|x86.Build.0 = Release|Any CPU
		{B3400CE2-9B66-4F0C-97FE-26343382BA7B}.Debug|Any CPU.ActiveCfg = Debug|Any CPU
		{B3400CE2-9B66-4F0C-97FE-26343382BA7B}.Debug|Any CPU.Build.0 = Debug|Any CPU
		{B3400CE2-9B66-4F0C-97FE-26343382BA7B}.Debug|x86.ActiveCfg = Debug|Any CPU
		{B3400CE2-9B66-4F0C-97FE-26343382BA7B}.Debug|x86.Build.0 = Debug|Any CPU
		{B3400CE2-9B66-4F0C-97FE-26343382BA7B}.Release|Any CPU.ActiveCfg = Release|Any CPU
		{B3400CE2-9B66-4F0C-97FE-26343382BA7B}.Release|Any CPU.Build.0 = Release|Any CPU
		{B3400CE2-9B66-4F0C-97FE-26343382BA7B}.Release|x86.ActiveCfg = Release|Any CPU
		{B3400CE2-9B66-4F0C-97FE-26343382BA7B}.Release|x86.Build.0 = Release|Any CPU
		{E27802FC-EFB5-4DEB-BD4D-013F44A0813C}.Debug|Any CPU.ActiveCfg = Debug|Any CPU
		{E27802FC-EFB5-4DEB-BD4D-013F44A0813C}.Debug|Any CPU.Build.0 = Debug|Any CPU
		{E27802FC-EFB5-4DEB-BD4D-013F44A0813C}.Debug|x86.ActiveCfg = Debug|Any CPU
		{E27802FC-EFB5-4DEB-BD4D-013F44A0813C}.Debug|x86.Build.0 = Debug|Any CPU
		{E27802FC-EFB5-4DEB-BD4D-013F44A0813C}.Release|Any CPU.ActiveCfg = Release|Any CPU
		{E27802FC-EFB5-4DEB-BD4D-013F44A0813C}.Release|Any CPU.Build.0 = Release|Any CPU
		{E27802FC-EFB5-4DEB-BD4D-013F44A0813C}.Release|x86.ActiveCfg = Release|Any CPU
		{E27802FC-EFB5-4DEB-BD4D-013F44A0813C}.Release|x86.Build.0 = Release|Any CPU
		{B76546E7-9832-4D28-B412-B34CA1C6177C}.Debug|Any CPU.ActiveCfg = Debug|Any CPU
		{B76546E7-9832-4D28-B412-B34CA1C6177C}.Debug|Any CPU.Build.0 = Debug|Any CPU
		{B76546E7-9832-4D28-B412-B34CA1C6177C}.Debug|x86.ActiveCfg = Debug|Any CPU
		{B76546E7-9832-4D28-B412-B34CA1C6177C}.Debug|x86.Build.0 = Debug|Any CPU
		{B76546E7-9832-4D28-B412-B34CA1C6177C}.Release|Any CPU.ActiveCfg = Release|Any CPU
		{B76546E7-9832-4D28-B412-B34CA1C6177C}.Release|Any CPU.Build.0 = Release|Any CPU
		{B76546E7-9832-4D28-B412-B34CA1C6177C}.Release|x86.ActiveCfg = Release|Any CPU
		{B76546E7-9832-4D28-B412-B34CA1C6177C}.Release|x86.Build.0 = Release|Any CPU
		{21A702E9-2208-48B3-845F-3D6D6886EFCB}.Debug|Any CPU.ActiveCfg = Debug|Any CPU
		{21A702E9-2208-48B3-845F-3D6D6886EFCB}.Debug|Any CPU.Build.0 = Debug|Any CPU
		{21A702E9-2208-48B3-845F-3D6D6886EFCB}.Debug|x86.ActiveCfg = Debug|Any CPU
		{21A702E9-2208-48B3-845F-3D6D6886EFCB}.Debug|x86.Build.0 = Debug|Any CPU
		{21A702E9-2208-48B3-845F-3D6D6886EFCB}.Release|Any CPU.ActiveCfg = Release|Any CPU
		{21A702E9-2208-48B3-845F-3D6D6886EFCB}.Release|Any CPU.Build.0 = Release|Any CPU
		{21A702E9-2208-48B3-845F-3D6D6886EFCB}.Release|x86.ActiveCfg = Release|Any CPU
		{21A702E9-2208-48B3-845F-3D6D6886EFCB}.Release|x86.Build.0 = Release|Any CPU
		{918D2F5B-9337-4378-8106-9F8468B34F54}.Debug|Any CPU.ActiveCfg = Debug|Any CPU
		{918D2F5B-9337-4378-8106-9F8468B34F54}.Debug|Any CPU.Build.0 = Debug|Any CPU
		{918D2F5B-9337-4378-8106-9F8468B34F54}.Debug|x86.ActiveCfg = Debug|Any CPU
		{918D2F5B-9337-4378-8106-9F8468B34F54}.Debug|x86.Build.0 = Debug|Any CPU
		{918D2F5B-9337-4378-8106-9F8468B34F54}.Release|Any CPU.ActiveCfg = Release|Any CPU
		{918D2F5B-9337-4378-8106-9F8468B34F54}.Release|Any CPU.Build.0 = Release|Any CPU
		{918D2F5B-9337-4378-8106-9F8468B34F54}.Release|x86.ActiveCfg = Release|Any CPU
		{918D2F5B-9337-4378-8106-9F8468B34F54}.Release|x86.Build.0 = Release|Any CPU
		{C819D411-A817-4CEE-B597-A57F2CA5B5B0}.Debug|Any CPU.ActiveCfg = Debug|Any CPU
		{C819D411-A817-4CEE-B597-A57F2CA5B5B0}.Debug|Any CPU.Build.0 = Debug|Any CPU
		{C819D411-A817-4CEE-B597-A57F2CA5B5B0}.Debug|x86.ActiveCfg = Debug|Any CPU
		{C819D411-A817-4CEE-B597-A57F2CA5B5B0}.Debug|x86.Build.0 = Debug|Any CPU
		{C819D411-A817-4CEE-B597-A57F2CA5B5B0}.Release|Any CPU.ActiveCfg = Release|Any CPU
		{C819D411-A817-4CEE-B597-A57F2CA5B5B0}.Release|Any CPU.Build.0 = Release|Any CPU
		{C819D411-A817-4CEE-B597-A57F2CA5B5B0}.Release|x86.ActiveCfg = Release|Any CPU
		{C819D411-A817-4CEE-B597-A57F2CA5B5B0}.Release|x86.Build.0 = Release|Any CPU
		{5E7FEA6C-8A53-4394-9E66-8C8843679FB5}.Debug|Any CPU.ActiveCfg = Debug|Any CPU
		{5E7FEA6C-8A53-4394-9E66-8C8843679FB5}.Debug|Any CPU.Build.0 = Debug|Any CPU
		{5E7FEA6C-8A53-4394-9E66-8C8843679FB5}.Debug|x86.ActiveCfg = Debug|Any CPU
		{5E7FEA6C-8A53-4394-9E66-8C8843679FB5}.Debug|x86.Build.0 = Debug|Any CPU
		{5E7FEA6C-8A53-4394-9E66-8C8843679FB5}.Release|Any CPU.ActiveCfg = Release|Any CPU
		{5E7FEA6C-8A53-4394-9E66-8C8843679FB5}.Release|Any CPU.Build.0 = Release|Any CPU
		{5E7FEA6C-8A53-4394-9E66-8C8843679FB5}.Release|x86.ActiveCfg = Release|Any CPU
		{5E7FEA6C-8A53-4394-9E66-8C8843679FB5}.Release|x86.Build.0 = Release|Any CPU
		{D1D59C23-DA23-4DCC-A2CE-E503CAEB7D51}.Debug|Any CPU.ActiveCfg = Debug|Any CPU
		{D1D59C23-DA23-4DCC-A2CE-E503CAEB7D51}.Debug|Any CPU.Build.0 = Debug|Any CPU
		{D1D59C23-DA23-4DCC-A2CE-E503CAEB7D51}.Debug|x86.ActiveCfg = Debug|Any CPU
		{D1D59C23-DA23-4DCC-A2CE-E503CAEB7D51}.Debug|x86.Build.0 = Debug|Any CPU
		{D1D59C23-DA23-4DCC-A2CE-E503CAEB7D51}.Release|Any CPU.ActiveCfg = Release|Any CPU
		{D1D59C23-DA23-4DCC-A2CE-E503CAEB7D51}.Release|Any CPU.Build.0 = Release|Any CPU
		{D1D59C23-DA23-4DCC-A2CE-E503CAEB7D51}.Release|x86.ActiveCfg = Release|Any CPU
		{D1D59C23-DA23-4DCC-A2CE-E503CAEB7D51}.Release|x86.Build.0 = Release|Any CPU
		{7FA766D4-8F97-4D9F-8F62-F25C84C01FF2}.Debug|Any CPU.ActiveCfg = Debug|Any CPU
		{7FA766D4-8F97-4D9F-8F62-F25C84C01FF2}.Debug|Any CPU.Build.0 = Debug|Any CPU
		{7FA766D4-8F97-4D9F-8F62-F25C84C01FF2}.Debug|x86.ActiveCfg = Debug|Any CPU
		{7FA766D4-8F97-4D9F-8F62-F25C84C01FF2}.Debug|x86.Build.0 = Debug|Any CPU
		{7FA766D4-8F97-4D9F-8F62-F25C84C01FF2}.Release|Any CPU.ActiveCfg = Release|Any CPU
		{7FA766D4-8F97-4D9F-8F62-F25C84C01FF2}.Release|Any CPU.Build.0 = Release|Any CPU
		{7FA766D4-8F97-4D9F-8F62-F25C84C01FF2}.Release|x86.ActiveCfg = Release|Any CPU
		{7FA766D4-8F97-4D9F-8F62-F25C84C01FF2}.Release|x86.Build.0 = Release|Any CPU
		{990E4DFA-414E-4C05-89C0-6F18A5C6FA94}.Debug|Any CPU.ActiveCfg = Debug|Any CPU
		{990E4DFA-414E-4C05-89C0-6F18A5C6FA94}.Debug|Any CPU.Build.0 = Debug|Any CPU
		{990E4DFA-414E-4C05-89C0-6F18A5C6FA94}.Debug|x86.ActiveCfg = Debug|Any CPU
		{990E4DFA-414E-4C05-89C0-6F18A5C6FA94}.Debug|x86.Build.0 = Debug|Any CPU
		{990E4DFA-414E-4C05-89C0-6F18A5C6FA94}.Release|Any CPU.ActiveCfg = Release|Any CPU
		{990E4DFA-414E-4C05-89C0-6F18A5C6FA94}.Release|Any CPU.Build.0 = Release|Any CPU
		{990E4DFA-414E-4C05-89C0-6F18A5C6FA94}.Release|x86.ActiveCfg = Release|Any CPU
		{990E4DFA-414E-4C05-89C0-6F18A5C6FA94}.Release|x86.Build.0 = Release|Any CPU
	EndGlobalSection
	GlobalSection(SolutionProperties) = preSolution
		HideSolutionNode = FALSE
	EndGlobalSection
EndGlobal
